
Microsoft Visual Studio Solution File, Format Version 12.00
# Visual Studio Version 16
VisualStudioVersion = 16.0.31313.79
MinimumVisualStudioVersion = 10.0.40219.1
Project("{2150E333-8FDC-42A3-9474-1A3956D46DE8}") = "ShopManagement", "ShopManagement", "{7D4D4D94-D355-40B8-8F59-DE3CB847C019}"
EndProject
Project("{2150E333-8FDC-42A3-9474-1A3956D46DE8}") = "SM.Domain", "SM.Domain", "{96D9F5CB-C2DE-48A0-ADCF-3CDF83D2379D}"
EndProject
Project("{9A19103F-16F7-4668-BE54-9A1E7A4F7556}") = "ShopManagement.Domain", "ShopManagement.Domain\ShopManagement.Domain.csproj", "{5899F781-D3E2-46A6-9484-349293F66441}"
EndProject
Project("{9A19103F-16F7-4668-BE54-9A1E7A4F7556}") = "0_Framework", "0_Framework\0_Framework.csproj", "{0DE4578D-3A78-4DDA-BDCE-46EFCC5D08A2}"
EndProject
Project("{2150E333-8FDC-42A3-9474-1A3956D46DE8}") = "SM.Application", "SM.Application", "{C5D389B7-B75B-4D57-9F77-26BA22A58D88}"
EndProject
Project("{9A19103F-16F7-4668-BE54-9A1E7A4F7556}") = "ShopManagement.Application.Contracts", "ShopManagement.Application.Contracts\ShopManagement.Application.Contracts.csproj", "{946C5366-0461-49C6-AE43-A5732ED8CC51}"
EndProject
Project("{9A19103F-16F7-4668-BE54-9A1E7A4F7556}") = "SM.Application", "SM.Application\SM.Application.csproj", "{2CD64B7B-6ED8-45B1-A7D3-C806B4BA770F}"
EndProject
Project("{2150E333-8FDC-42A3-9474-1A3956D46DE8}") = "SM.Infrastructure", "SM.Infrastructure", "{8D3E1BB8-794A-41D5-8E8A-3C7EB4A0CE45}"
EndProject
Project("{9A19103F-16F7-4668-BE54-9A1E7A4F7556}") = "ShopManagement.Infrastructure.EFCore", "ShopManagement.Infrastructure.EFCore\ShopManagement.Infrastructure.EFCore.csproj", "{111E9266-E484-4A16-A465-85255228119C}"
EndProject
Project("{9A19103F-16F7-4668-BE54-9A1E7A4F7556}") = "ShopManagement.Configuration", "ShopManagement.Configuration\ShopManagement.Configuration.csproj", "{2DF16BC3-B4FF-486F-9A39-299BFD5268E0}"
EndProject
Project("{9A19103F-16F7-4668-BE54-9A1E7A4F7556}") = "ServiceHost", "ServiceHost\ServiceHost.csproj", "{32A84E22-5174-4B71-A509-01115C1A9D8E}"
EndProject
Project("{9A19103F-16F7-4668-BE54-9A1E7A4F7556}") = "01_LampshadeQuery", "01_LampshadeQuery\01_LampshadeQuery.csproj", "{1C1B49B2-58A3-4086-9515-329573772DD4}"
EndProject
Project("{2150E333-8FDC-42A3-9474-1A3956D46DE8}") = "DiscountManagement", "DiscountManagement", "{890588CE-F845-48F2-89CD-A80B6DE4540B}"
EndProject
Project("{2150E333-8FDC-42A3-9474-1A3956D46DE8}") = "DM.Domain", "DM.Domain", "{CF73FAAC-607C-4B92-9A78-3D67D588352F}"
EndProject
Project("{9A19103F-16F7-4668-BE54-9A1E7A4F7556}") = "DiscountManagement.Domain", "DiscountManagement.Domain\DiscountManagement.Domain.csproj", "{BA3E5F0E-AC00-472D-A84C-7F92AC389515}"
EndProject
Project("{2150E333-8FDC-42A3-9474-1A3956D46DE8}") = "DM.Application", "DM.Application", "{497841C4-6AD3-4A61-ACD1-E74AA2E65A00}"
EndProject
Project("{9A19103F-16F7-4668-BE54-9A1E7A4F7556}") = "DiscountManagement.Application.Contract", "DiscountManagement.Application.Contract\DiscountManagement.Application.Contract.csproj", "{D004F2D4-E3F1-489C-9417-53C0C14AF1EA}"
EndProject
Project("{9A19103F-16F7-4668-BE54-9A1E7A4F7556}") = "DiscountManagement.Application", "DiscountManagement.Application\DiscountManagement.Application.csproj", "{38565A98-4F5A-41E0-B061-B417D466D9EE}"
EndProject
Project("{2150E333-8FDC-42A3-9474-1A3956D46DE8}") = "DM.Infrastructure", "DM.Infrastructure", "{472E4292-1A8D-4C6C-9EAC-56D0342EF193}"
EndProject
Project("{9A19103F-16F7-4668-BE54-9A1E7A4F7556}") = "DiscountManagement.Infrastructure.EFCore", "DiscountManagement.Infrastructure.EFCore\DiscountManagement.Infrastructure.EFCore.csproj", "{DAC4A5B1-907A-4D35-A23D-3418545589FF}"
EndProject
Project("{9A19103F-16F7-4668-BE54-9A1E7A4F7556}") = "DiscountManagement.Configuration", "DiscountManagement.Configuration\DiscountManagement.Configuration.csproj", "{787B4EE7-1E55-4CF3-8885-4199DD0CFC3F}"
EndProject
Project("{2150E333-8FDC-42A3-9474-1A3956D46DE8}") = "InventoryManagement", "InventoryManagement", "{4BC3F6A1-5648-4C5E-93C8-6D031EC969B7}"
EndProject
Project("{2150E333-8FDC-42A3-9474-1A3956D46DE8}") = "IM.Domain", "IM.Domain", "{562C6440-97BB-44C8-B522-C4B92CF55B96}"
EndProject
Project("{9A19103F-16F7-4668-BE54-9A1E7A4F7556}") = "InventoryManagement.Domain", "InventoryManagement.Domain\InventoryManagement.Domain.csproj", "{5FFF66D9-F650-4872-9359-2E631BC95FC5}"
EndProject
Project("{2150E333-8FDC-42A3-9474-1A3956D46DE8}") = "IM.Application", "IM.Application", "{D7A8A539-497C-4538-81E4-36E13C88F8DD}"
EndProject
Project("{9A19103F-16F7-4668-BE54-9A1E7A4F7556}") = "InventoryManagement.Application.Contracts", "InventoryManagement.Application.Contracts\InventoryManagement.Application.Contracts.csproj", "{5B58ED87-6C04-4319-A7AA-AB902E840B0C}"
EndProject
Project("{2150E333-8FDC-42A3-9474-1A3956D46DE8}") = "IM.Infrastructure", "IM.Infrastructure", "{47B0A650-0701-4980-BA19-9F7E0FA49E5E}"
EndProject
Project("{9A19103F-16F7-4668-BE54-9A1E7A4F7556}") = "InventoryManagement.Infrastructure.EFCore", "InventoryManagement.Infrastructure.EFCore\InventoryManagement.Infrastructure.EFCore.csproj", "{317D14ED-92C0-4C04-AB5D-BDE2974FDB2A}"
EndProject
Project("{9A19103F-16F7-4668-BE54-9A1E7A4F7556}") = "InventoryManagement.Infrastructure.Configuration", "InventoryManagement.Infrastructure.Configuration\InventoryManagement.Infrastructure.Configuration.csproj", "{D16DD4B4-940D-48E1-97CC-124F7B1C86FD}"
EndProject
Project("{9A19103F-16F7-4668-BE54-9A1E7A4F7556}") = "InventoryManagement.Application", "InventoryManagement.Application\InventoryManagement.Application.csproj", "{7DECE4C5-387B-48FD-89BA-CBBF29536DAA}"
EndProject
Project("{2150E333-8FDC-42A3-9474-1A3956D46DE8}") = "BlogManagement", "BlogManagement", "{0741ACEB-B2D5-4229-ACA6-DDEADC62ED16}"
EndProject
Project("{2150E333-8FDC-42A3-9474-1A3956D46DE8}") = "BM.Domain", "BM.Domain", "{86B2F3A6-D173-4D89-9ABC-3EAC1783B4AB}"
EndProject
Project("{9A19103F-16F7-4668-BE54-9A1E7A4F7556}") = "BlogManagement.Domain", "BlogManagement.Domain\BlogManagement.Domain.csproj", "{A6DA5E21-6ECC-46FD-880D-46E9A0447D20}"
EndProject
Project("{2150E333-8FDC-42A3-9474-1A3956D46DE8}") = "BM.Application", "BM.Application", "{20BC4698-17A8-4F8F-B2D9-0CA18CD95D31}"
EndProject
Project("{9A19103F-16F7-4668-BE54-9A1E7A4F7556}") = "BlogManagement.Application.Contracts", "BlogManagement.Application.Contracts\BlogManagement.Application.Contracts.csproj", "{830BC22E-3473-4C5B-9571-647A5FC40F1E}"
EndProject
Project("{9A19103F-16F7-4668-BE54-9A1E7A4F7556}") = "BlogManagement.Application", "BlogManagement.Application\BlogManagement.Application.csproj", "{6765E343-EECC-4FFC-8975-D1FCE70DEFFE}"
EndProject
Project("{2150E333-8FDC-42A3-9474-1A3956D46DE8}") = "BM.Infrastructure", "BM.Infrastructure", "{CCAEB06A-90EE-4AE3-AB75-CFC5E5AFA018}"
EndProject
Project("{9A19103F-16F7-4668-BE54-9A1E7A4F7556}") = "BlogManagement.Infrastructure.EFCore", "BlogManagement.Infrastructure.EFCore\BlogManagement.Infrastructure.EFCore.csproj", "{4856D3E7-789F-41C0-86F5-71E499F63A99}"
EndProject
Project("{9A19103F-16F7-4668-BE54-9A1E7A4F7556}") = "BlogManagement.Infrastructure.Configuration", "BlogManagement.Infrastructrue.Configuration\BlogManagement.Infrastructure.Configuration.csproj", "{BBEA85CE-7E7F-4017-A01B-F234E5B90A02}"
EndProject
Project("{2150E333-8FDC-42A3-9474-1A3956D46DE8}") = "CommentManagement", "CommentManagement", "{7FB84D34-50CF-462C-9350-F222D9106BF3}"
EndProject
Project("{2150E333-8FDC-42A3-9474-1A3956D46DE8}") = "CM.Domain", "CM.Domain", "{B49ECB88-4C39-432F-9C8C-1B78266A54C3}"
EndProject
Project("{9A19103F-16F7-4668-BE54-9A1E7A4F7556}") = "CommentManagement.Domain", "CommentManagement.Domain\CommentManagement.Domain.csproj", "{9E2ECB7D-3262-43C1-BB6C-874C7BA0E756}"
EndProject
Project("{2150E333-8FDC-42A3-9474-1A3956D46DE8}") = "CM.Application", "CM.Application", "{04F26176-2CC8-42C4-AA67-47688FEF217E}"
EndProject
Project("{9A19103F-16F7-4668-BE54-9A1E7A4F7556}") = "CommentManagement.Application.Contracts", "CommentManagement.Application.Contracts\CommentManagement.Application.Contracts.csproj", "{5BECF0BA-F105-4BB0-B50D-7EE58FB2160C}"
EndProject
Project("{9A19103F-16F7-4668-BE54-9A1E7A4F7556}") = "CommentManagement.Application", "CommentManagement.Application\CommentManagement.Application.csproj", "{A4BA4643-485E-4466-9BF3-D9A0E54F1CAB}"
EndProject
Project("{2150E333-8FDC-42A3-9474-1A3956D46DE8}") = "CM.Infrastructure", "CM.Infrastructure", "{482A5369-6013-4602-A24C-226A6E15AF53}"
EndProject
Project("{9A19103F-16F7-4668-BE54-9A1E7A4F7556}") = "CommentManagement.Infrastructure.EFCore", "CommentManagement.Infrastructure.EFCore\CommentManagement.Infrastructure.EFCore.csproj", "{E73F5ADD-8156-484E-86B7-4A1FB6CCD058}"
EndProject
Project("{9A19103F-16F7-4668-BE54-9A1E7A4F7556}") = "CommentManagement.Infrastructure.Configuration", "CommentManagement.Infrastructure.Configuration\CommentManagement.Infrastructure.Configuration.csproj", "{1A49A4C3-A8EE-4799-B0F7-399BBEF4D1BA}"
EndProject
Project("{2150E333-8FDC-42A3-9474-1A3956D46DE8}") = "AccountManagement", "AccountManagement", "{98439B95-8092-4AD3-9E54-D742531850FC}"
EndProject
Project("{2150E333-8FDC-42A3-9474-1A3956D46DE8}") = "AM.Domain", "AM.Domain", "{276A8D5C-B068-45EE-B4C2-FC6849CA3B4E}"
EndProject
Project("{9A19103F-16F7-4668-BE54-9A1E7A4F7556}") = "AccountManagement.Domain", "AccountManagement.Domain\AccountManagement.Domain.csproj", "{E7852458-6CF8-4D73-B77E-26A4C32293D3}"
EndProject
Project("{2150E333-8FDC-42A3-9474-1A3956D46DE8}") = "AM.Application", "AM.Application", "{239F7C97-1274-4B7C-BD8F-70B80EE76922}"
EndProject
Project("{9A19103F-16F7-4668-BE54-9A1E7A4F7556}") = "AccountManagement.Application.Contracts", "AccountManagement.Application.Contracts\AccountManagement.Application.Contracts.csproj", "{AE660EF3-9249-4A6F-9E37-A199ABE2FD4D}"
EndProject
Project("{2150E333-8FDC-42A3-9474-1A3956D46DE8}") = "AM.Infrastructure", "AM.Infrastructure", "{F9E4187C-2F27-45DB-ADF0-6446E373CA2E}"
EndProject
Project("{9A19103F-16F7-4668-BE54-9A1E7A4F7556}") = "AccountManagement.Infrastructure.EFCore", "AccountManagement.Infrastructure.EFCore\AccountManagement.Infrastructure.EFCore.csproj", "{D615259F-7A7E-449C-ABD3-8D2EFCBBBDFF}"
EndProject
Project("{9A19103F-16F7-4668-BE54-9A1E7A4F7556}") = "AccountManagement.Application", "AccountManagement.Application\AccountManagement.Application.csproj", "{78C09EAD-2600-430A-9A69-664C7E3B4388}"
EndProject
Project("{9A19103F-16F7-4668-BE54-9A1E7A4F7556}") = "AccountManagement.Configuration", "AccountManagement.Configuration\AccountManagement.Configuration.csproj", "{419103A5-66BE-47DB-8BC8-E92962DD9177}"
EndProject
Project("{9A19103F-16F7-4668-BE54-9A1E7A4F7556}") = "ShopManagement.Infrastructure.InventoryAcl", "ShopManagement.Infrastructure.InventoryAcl\ShopManagement.Infrastructure.InventoryAcl.csproj", "{CB53E3A2-3B99-466D-B41C-67EB627A422B}"
EndProject
Project("{2150E333-8FDC-42A3-9474-1A3956D46DE8}") = "SM.Presentation", "SM.Presentation", "{256B3CF1-238E-4157-83B1-A7FCEE480553}"
EndProject
Project("{FAE04EC0-301F-11D3-BF4B-00C04F79EFBC}") = "ShopManagement.Presentation.Api", "ShopManagement.Presentation.Api\ShopManagement.Presentation.Api.csproj", "{32032F20-63B2-4CDE-A04F-468B34527AB1}"
EndProject
Project("{2150E333-8FDC-42A3-9474-1A3956D46DE8}") = "IM.Presentation", "IM.Presentation", "{5AEDC0D5-E43D-48E1-B950-3036522BBA25}"
EndProject
Project("{FAE04EC0-301F-11D3-BF4B-00C04F79EFBC}") = "InventoryManagement.Presentation.Api", "InventoryManagement.Presentation.Api\InventoryManagement.Presentation.Api.csproj", "{57DBC868-46BF-4488-B7F8-943F0553986A}"
EndProject
Project("{2150E333-8FDC-42A3-9474-1A3956D46DE8}") = "BM.Presentation", "BM.Presentation", "{A64296F3-B2CE-4E93-84BF-D1023BACC57C}"
EndProject
Project("{FAE04EC0-301F-11D3-BF4B-00C04F79EFBC}") = "BlogManagement.Presentation.Api", "BlogManagement.Presentation.Api\BlogManagement.Presentation.Api.csproj", "{5FC3F496-FD75-46C1-93CC-C3FE2178A5D4}"
EndProject
Global
	GlobalSection(SolutionConfigurationPlatforms) = preSolution
		Debug|Any CPU = Debug|Any CPU
		Release|Any CPU = Release|Any CPU
	EndGlobalSection
	GlobalSection(ProjectConfigurationPlatforms) = postSolution
		{5899F781-D3E2-46A6-9484-349293F66441}.Debug|Any CPU.ActiveCfg = Debug|Any CPU
		{5899F781-D3E2-46A6-9484-349293F66441}.Debug|Any CPU.Build.0 = Debug|Any CPU
		{5899F781-D3E2-46A6-9484-349293F66441}.Release|Any CPU.ActiveCfg = Release|Any CPU
		{5899F781-D3E2-46A6-9484-349293F66441}.Release|Any CPU.Build.0 = Release|Any CPU
		{0DE4578D-3A78-4DDA-BDCE-46EFCC5D08A2}.Debug|Any CPU.ActiveCfg = Debug|Any CPU
		{0DE4578D-3A78-4DDA-BDCE-46EFCC5D08A2}.Debug|Any CPU.Build.0 = Debug|Any CPU
		{0DE4578D-3A78-4DDA-BDCE-46EFCC5D08A2}.Release|Any CPU.ActiveCfg = Release|Any CPU
		{0DE4578D-3A78-4DDA-BDCE-46EFCC5D08A2}.Release|Any CPU.Build.0 = Release|Any CPU
		{946C5366-0461-49C6-AE43-A5732ED8CC51}.Debug|Any CPU.ActiveCfg = Debug|Any CPU
		{946C5366-0461-49C6-AE43-A5732ED8CC51}.Debug|Any CPU.Build.0 = Debug|Any CPU
		{946C5366-0461-49C6-AE43-A5732ED8CC51}.Release|Any CPU.ActiveCfg = Release|Any CPU
		{946C5366-0461-49C6-AE43-A5732ED8CC51}.Release|Any CPU.Build.0 = Release|Any CPU
		{2CD64B7B-6ED8-45B1-A7D3-C806B4BA770F}.Debug|Any CPU.ActiveCfg = Debug|Any CPU
		{2CD64B7B-6ED8-45B1-A7D3-C806B4BA770F}.Debug|Any CPU.Build.0 = Debug|Any CPU
		{2CD64B7B-6ED8-45B1-A7D3-C806B4BA770F}.Release|Any CPU.ActiveCfg = Release|Any CPU
		{2CD64B7B-6ED8-45B1-A7D3-C806B4BA770F}.Release|Any CPU.Build.0 = Release|Any CPU
		{111E9266-E484-4A16-A465-85255228119C}.Debug|Any CPU.ActiveCfg = Debug|Any CPU
		{111E9266-E484-4A16-A465-85255228119C}.Debug|Any CPU.Build.0 = Debug|Any CPU
		{111E9266-E484-4A16-A465-85255228119C}.Release|Any CPU.ActiveCfg = Release|Any CPU
		{111E9266-E484-4A16-A465-85255228119C}.Release|Any CPU.Build.0 = Release|Any CPU
		{2DF16BC3-B4FF-486F-9A39-299BFD5268E0}.Debug|Any CPU.ActiveCfg = Debug|Any CPU
		{2DF16BC3-B4FF-486F-9A39-299BFD5268E0}.Debug|Any CPU.Build.0 = Debug|Any CPU
		{2DF16BC3-B4FF-486F-9A39-299BFD5268E0}.Release|Any CPU.ActiveCfg = Release|Any CPU
		{2DF16BC3-B4FF-486F-9A39-299BFD5268E0}.Release|Any CPU.Build.0 = Release|Any CPU
		{32A84E22-5174-4B71-A509-01115C1A9D8E}.Debug|Any CPU.ActiveCfg = Debug|Any CPU
		{32A84E22-5174-4B71-A509-01115C1A9D8E}.Debug|Any CPU.Build.0 = Debug|Any CPU
		{32A84E22-5174-4B71-A509-01115C1A9D8E}.Release|Any CPU.ActiveCfg = Release|Any CPU
		{32A84E22-5174-4B71-A509-01115C1A9D8E}.Release|Any CPU.Build.0 = Release|Any CPU
		{1C1B49B2-58A3-4086-9515-329573772DD4}.Debug|Any CPU.ActiveCfg = Debug|Any CPU
		{1C1B49B2-58A3-4086-9515-329573772DD4}.Debug|Any CPU.Build.0 = Debug|Any CPU
		{1C1B49B2-58A3-4086-9515-329573772DD4}.Release|Any CPU.ActiveCfg = Release|Any CPU
		{1C1B49B2-58A3-4086-9515-329573772DD4}.Release|Any CPU.Build.0 = Release|Any CPU
		{BA3E5F0E-AC00-472D-A84C-7F92AC389515}.Debug|Any CPU.ActiveCfg = Debug|Any CPU
		{BA3E5F0E-AC00-472D-A84C-7F92AC389515}.Debug|Any CPU.Build.0 = Debug|Any CPU
		{BA3E5F0E-AC00-472D-A84C-7F92AC389515}.Release|Any CPU.ActiveCfg = Release|Any CPU
		{BA3E5F0E-AC00-472D-A84C-7F92AC389515}.Release|Any CPU.Build.0 = Release|Any CPU
		{D004F2D4-E3F1-489C-9417-53C0C14AF1EA}.Debug|Any CPU.ActiveCfg = Debug|Any CPU
		{D004F2D4-E3F1-489C-9417-53C0C14AF1EA}.Debug|Any CPU.Build.0 = Debug|Any CPU
		{D004F2D4-E3F1-489C-9417-53C0C14AF1EA}.Release|Any CPU.ActiveCfg = Release|Any CPU
		{D004F2D4-E3F1-489C-9417-53C0C14AF1EA}.Release|Any CPU.Build.0 = Release|Any CPU
		{38565A98-4F5A-41E0-B061-B417D466D9EE}.Debug|Any CPU.ActiveCfg = Debug|Any CPU
		{38565A98-4F5A-41E0-B061-B417D466D9EE}.Debug|Any CPU.Build.0 = Debug|Any CPU
		{38565A98-4F5A-41E0-B061-B417D466D9EE}.Release|Any CPU.ActiveCfg = Release|Any CPU
		{38565A98-4F5A-41E0-B061-B417D466D9EE}.Release|Any CPU.Build.0 = Release|Any CPU
		{DAC4A5B1-907A-4D35-A23D-3418545589FF}.Debug|Any CPU.ActiveCfg = Debug|Any CPU
		{DAC4A5B1-907A-4D35-A23D-3418545589FF}.Debug|Any CPU.Build.0 = Debug|Any CPU
		{DAC4A5B1-907A-4D35-A23D-3418545589FF}.Release|Any CPU.ActiveCfg = Release|Any CPU
		{DAC4A5B1-907A-4D35-A23D-3418545589FF}.Release|Any CPU.Build.0 = Release|Any CPU
		{787B4EE7-1E55-4CF3-8885-4199DD0CFC3F}.Debug|Any CPU.ActiveCfg = Debug|Any CPU
		{787B4EE7-1E55-4CF3-8885-4199DD0CFC3F}.Debug|Any CPU.Build.0 = Debug|Any CPU
		{787B4EE7-1E55-4CF3-8885-4199DD0CFC3F}.Release|Any CPU.ActiveCfg = Release|Any CPU
		{787B4EE7-1E55-4CF3-8885-4199DD0CFC3F}.Release|Any CPU.Build.0 = Release|Any CPU
		{5FFF66D9-F650-4872-9359-2E631BC95FC5}.Debug|Any CPU.ActiveCfg = Debug|Any CPU
		{5FFF66D9-F650-4872-9359-2E631BC95FC5}.Debug|Any CPU.Build.0 = Debug|Any CPU
		{5FFF66D9-F650-4872-9359-2E631BC95FC5}.Release|Any CPU.ActiveCfg = Release|Any CPU
		{5FFF66D9-F650-4872-9359-2E631BC95FC5}.Release|Any CPU.Build.0 = Release|Any CPU
		{5B58ED87-6C04-4319-A7AA-AB902E840B0C}.Debug|Any CPU.ActiveCfg = Debug|Any CPU
		{5B58ED87-6C04-4319-A7AA-AB902E840B0C}.Debug|Any CPU.Build.0 = Debug|Any CPU
		{5B58ED87-6C04-4319-A7AA-AB902E840B0C}.Release|Any CPU.ActiveCfg = Release|Any CPU
		{5B58ED87-6C04-4319-A7AA-AB902E840B0C}.Release|Any CPU.Build.0 = Release|Any CPU
		{317D14ED-92C0-4C04-AB5D-BDE2974FDB2A}.Debug|Any CPU.ActiveCfg = Debug|Any CPU
		{317D14ED-92C0-4C04-AB5D-BDE2974FDB2A}.Debug|Any CPU.Build.0 = Debug|Any CPU
		{317D14ED-92C0-4C04-AB5D-BDE2974FDB2A}.Release|Any CPU.ActiveCfg = Release|Any CPU
		{317D14ED-92C0-4C04-AB5D-BDE2974FDB2A}.Release|Any CPU.Build.0 = Release|Any CPU
		{D16DD4B4-940D-48E1-97CC-124F7B1C86FD}.Debug|Any CPU.ActiveCfg = Debug|Any CPU
		{D16DD4B4-940D-48E1-97CC-124F7B1C86FD}.Debug|Any CPU.Build.0 = Debug|Any CPU
		{D16DD4B4-940D-48E1-97CC-124F7B1C86FD}.Release|Any CPU.ActiveCfg = Release|Any CPU
		{D16DD4B4-940D-48E1-97CC-124F7B1C86FD}.Release|Any CPU.Build.0 = Release|Any CPU
		{7DECE4C5-387B-48FD-89BA-CBBF29536DAA}.Debug|Any CPU.ActiveCfg = Debug|Any CPU
		{7DECE4C5-387B-48FD-89BA-CBBF29536DAA}.Debug|Any CPU.Build.0 = Debug|Any CPU
		{7DECE4C5-387B-48FD-89BA-CBBF29536DAA}.Release|Any CPU.ActiveCfg = Release|Any CPU
		{7DECE4C5-387B-48FD-89BA-CBBF29536DAA}.Release|Any CPU.Build.0 = Release|Any CPU
		{A6DA5E21-6ECC-46FD-880D-46E9A0447D20}.Debug|Any CPU.ActiveCfg = Debug|Any CPU
		{A6DA5E21-6ECC-46FD-880D-46E9A0447D20}.Debug|Any CPU.Build.0 = Debug|Any CPU
		{A6DA5E21-6ECC-46FD-880D-46E9A0447D20}.Release|Any CPU.ActiveCfg = Release|Any CPU
		{A6DA5E21-6ECC-46FD-880D-46E9A0447D20}.Release|Any CPU.Build.0 = Release|Any CPU
		{830BC22E-3473-4C5B-9571-647A5FC40F1E}.Debug|Any CPU.ActiveCfg = Debug|Any CPU
		{830BC22E-3473-4C5B-9571-647A5FC40F1E}.Debug|Any CPU.Build.0 = Debug|Any CPU
		{830BC22E-3473-4C5B-9571-647A5FC40F1E}.Release|Any CPU.ActiveCfg = Release|Any CPU
		{830BC22E-3473-4C5B-9571-647A5FC40F1E}.Release|Any CPU.Build.0 = Release|Any CPU
		{6765E343-EECC-4FFC-8975-D1FCE70DEFFE}.Debug|Any CPU.ActiveCfg = Debug|Any CPU
		{6765E343-EECC-4FFC-8975-D1FCE70DEFFE}.Debug|Any CPU.Build.0 = Debug|Any CPU
		{6765E343-EECC-4FFC-8975-D1FCE70DEFFE}.Release|Any CPU.ActiveCfg = Release|Any CPU
		{6765E343-EECC-4FFC-8975-D1FCE70DEFFE}.Release|Any CPU.Build.0 = Release|Any CPU
		{4856D3E7-789F-41C0-86F5-71E499F63A99}.Debug|Any CPU.ActiveCfg = Debug|Any CPU
		{4856D3E7-789F-41C0-86F5-71E499F63A99}.Debug|Any CPU.Build.0 = Debug|Any CPU
		{4856D3E7-789F-41C0-86F5-71E499F63A99}.Release|Any CPU.ActiveCfg = Release|Any CPU
		{4856D3E7-789F-41C0-86F5-71E499F63A99}.Release|Any CPU.Build.0 = Release|Any CPU
		{BBEA85CE-7E7F-4017-A01B-F234E5B90A02}.Debug|Any CPU.ActiveCfg = Debug|Any CPU
		{BBEA85CE-7E7F-4017-A01B-F234E5B90A02}.Debug|Any CPU.Build.0 = Debug|Any CPU
		{BBEA85CE-7E7F-4017-A01B-F234E5B90A02}.Release|Any CPU.ActiveCfg = Release|Any CPU
		{BBEA85CE-7E7F-4017-A01B-F234E5B90A02}.Release|Any CPU.Build.0 = Release|Any CPU
		{9E2ECB7D-3262-43C1-BB6C-874C7BA0E756}.Debug|Any CPU.ActiveCfg = Debug|Any CPU
		{9E2ECB7D-3262-43C1-BB6C-874C7BA0E756}.Debug|Any CPU.Build.0 = Debug|Any CPU
		{9E2ECB7D-3262-43C1-BB6C-874C7BA0E756}.Release|Any CPU.ActiveCfg = Release|Any CPU
		{9E2ECB7D-3262-43C1-BB6C-874C7BA0E756}.Release|Any CPU.Build.0 = Release|Any CPU
		{5BECF0BA-F105-4BB0-B50D-7EE58FB2160C}.Debug|Any CPU.ActiveCfg = Debug|Any CPU
		{5BECF0BA-F105-4BB0-B50D-7EE58FB2160C}.Debug|Any CPU.Build.0 = Debug|Any CPU
		{5BECF0BA-F105-4BB0-B50D-7EE58FB2160C}.Release|Any CPU.ActiveCfg = Release|Any CPU
		{5BECF0BA-F105-4BB0-B50D-7EE58FB2160C}.Release|Any CPU.Build.0 = Release|Any CPU
		{A4BA4643-485E-4466-9BF3-D9A0E54F1CAB}.Debug|Any CPU.ActiveCfg = Debug|Any CPU
		{A4BA4643-485E-4466-9BF3-D9A0E54F1CAB}.Debug|Any CPU.Build.0 = Debug|Any CPU
		{A4BA4643-485E-4466-9BF3-D9A0E54F1CAB}.Release|Any CPU.ActiveCfg = Release|Any CPU
		{A4BA4643-485E-4466-9BF3-D9A0E54F1CAB}.Release|Any CPU.Build.0 = Release|Any CPU
		{E73F5ADD-8156-484E-86B7-4A1FB6CCD058}.Debug|Any CPU.ActiveCfg = Debug|Any CPU
		{E73F5ADD-8156-484E-86B7-4A1FB6CCD058}.Debug|Any CPU.Build.0 = Debug|Any CPU
		{E73F5ADD-8156-484E-86B7-4A1FB6CCD058}.Release|Any CPU.ActiveCfg = Release|Any CPU
		{E73F5ADD-8156-484E-86B7-4A1FB6CCD058}.Release|Any CPU.Build.0 = Release|Any CPU
		{1A49A4C3-A8EE-4799-B0F7-399BBEF4D1BA}.Debug|Any CPU.ActiveCfg = Debug|Any CPU
		{1A49A4C3-A8EE-4799-B0F7-399BBEF4D1BA}.Debug|Any CPU.Build.0 = Debug|Any CPU
		{1A49A4C3-A8EE-4799-B0F7-399BBEF4D1BA}.Release|Any CPU.ActiveCfg = Release|Any CPU
		{1A49A4C3-A8EE-4799-B0F7-399BBEF4D1BA}.Release|Any CPU.Build.0 = Release|Any CPU
		{E7852458-6CF8-4D73-B77E-26A4C32293D3}.Debug|Any CPU.ActiveCfg = Debug|Any CPU
		{E7852458-6CF8-4D73-B77E-26A4C32293D3}.Debug|Any CPU.Build.0 = Debug|Any CPU
		{E7852458-6CF8-4D73-B77E-26A4C32293D3}.Release|Any CPU.ActiveCfg = Release|Any CPU
		{E7852458-6CF8-4D73-B77E-26A4C32293D3}.Release|Any CPU.Build.0 = Release|Any CPU
		{AE660EF3-9249-4A6F-9E37-A199ABE2FD4D}.Debug|Any CPU.ActiveCfg = Debug|Any CPU
		{AE660EF3-9249-4A6F-9E37-A199ABE2FD4D}.Debug|Any CPU.Build.0 = Debug|Any CPU
		{AE660EF3-9249-4A6F-9E37-A199ABE2FD4D}.Release|Any CPU.ActiveCfg = Release|Any CPU
		{AE660EF3-9249-4A6F-9E37-A199ABE2FD4D}.Release|Any CPU.Build.0 = Release|Any CPU
		{D615259F-7A7E-449C-ABD3-8D2EFCBBBDFF}.Debug|Any CPU.ActiveCfg = Debug|Any CPU
		{D615259F-7A7E-449C-ABD3-8D2EFCBBBDFF}.Debug|Any CPU.Build.0 = Debug|Any CPU
		{D615259F-7A7E-449C-ABD3-8D2EFCBBBDFF}.Release|Any CPU.ActiveCfg = Release|Any CPU
		{D615259F-7A7E-449C-ABD3-8D2EFCBBBDFF}.Release|Any CPU.Build.0 = Release|Any CPU
		{78C09EAD-2600-430A-9A69-664C7E3B4388}.Debug|Any CPU.ActiveCfg = Debug|Any CPU
		{78C09EAD-2600-430A-9A69-664C7E3B4388}.Debug|Any CPU.Build.0 = Debug|Any CPU
		{78C09EAD-2600-430A-9A69-664C7E3B4388}.Release|Any CPU.ActiveCfg = Release|Any CPU
		{78C09EAD-2600-430A-9A69-664C7E3B4388}.Release|Any CPU.Build.0 = Release|Any CPU
		{419103A5-66BE-47DB-8BC8-E92962DD9177}.Debug|Any CPU.ActiveCfg = Debug|Any CPU
		{419103A5-66BE-47DB-8BC8-E92962DD9177}.Debug|Any CPU.Build.0 = Debug|Any CPU
		{419103A5-66BE-47DB-8BC8-E92962DD9177}.Release|Any CPU.ActiveCfg = Release|Any CPU
		{419103A5-66BE-47DB-8BC8-E92962DD9177}.Release|Any CPU.Build.0 = Release|Any CPU
		{CB53E3A2-3B99-466D-B41C-67EB627A422B}.Debug|Any CPU.ActiveCfg = Debug|Any CPU
		{CB53E3A2-3B99-466D-B41C-67EB627A422B}.Debug|Any CPU.Build.0 = Debug|Any CPU
		{CB53E3A2-3B99-466D-B41C-67EB627A422B}.Release|Any CPU.ActiveCfg = Release|Any CPU
		{CB53E3A2-3B99-466D-B41C-67EB627A422B}.Release|Any CPU.Build.0 = Release|Any CPU
		{32032F20-63B2-4CDE-A04F-468B34527AB1}.Debug|Any CPU.ActiveCfg = Debug|Any CPU
		{32032F20-63B2-4CDE-A04F-468B34527AB1}.Debug|Any CPU.Build.0 = Debug|Any CPU
		{32032F20-63B2-4CDE-A04F-468B34527AB1}.Release|Any CPU.ActiveCfg = Release|Any CPU
		{32032F20-63B2-4CDE-A04F-468B34527AB1}.Release|Any CPU.Build.0 = Release|Any CPU
		{57DBC868-46BF-4488-B7F8-943F0553986A}.Debug|Any CPU.ActiveCfg = Debug|Any CPU
		{57DBC868-46BF-4488-B7F8-943F0553986A}.Debug|Any CPU.Build.0 = Debug|Any CPU
		{57DBC868-46BF-4488-B7F8-943F0553986A}.Release|Any CPU.ActiveCfg = Release|Any CPU
		{57DBC868-46BF-4488-B7F8-943F0553986A}.Release|Any CPU.Build.0 = Release|Any CPU
		{5FC3F496-FD75-46C1-93CC-C3FE2178A5D4}.Debug|Any CPU.ActiveCfg = Debug|Any CPU
		{5FC3F496-FD75-46C1-93CC-C3FE2178A5D4}.Debug|Any CPU.Build.0 = Debug|Any CPU
		{5FC3F496-FD75-46C1-93CC-C3FE2178A5D4}.Release|Any CPU.ActiveCfg = Release|Any CPU
		{5FC3F496-FD75-46C1-93CC-C3FE2178A5D4}.Release|Any CPU.Build.0 = Release|Any CPU
	EndGlobalSection
	GlobalSection(SolutionProperties) = preSolution
		HideSolutionNode = FALSE
	EndGlobalSection
	GlobalSection(NestedProjects) = preSolution
		{96D9F5CB-C2DE-48A0-ADCF-3CDF83D2379D} = {7D4D4D94-D355-40B8-8F59-DE3CB847C019}
		{5899F781-D3E2-46A6-9484-349293F66441} = {96D9F5CB-C2DE-48A0-ADCF-3CDF83D2379D}
		{C5D389B7-B75B-4D57-9F77-26BA22A58D88} = {7D4D4D94-D355-40B8-8F59-DE3CB847C019}
		{946C5366-0461-49C6-AE43-A5732ED8CC51} = {C5D389B7-B75B-4D57-9F77-26BA22A58D88}
		{2CD64B7B-6ED8-45B1-A7D3-C806B4BA770F} = {C5D389B7-B75B-4D57-9F77-26BA22A58D88}
		{8D3E1BB8-794A-41D5-8E8A-3C7EB4A0CE45} = {7D4D4D94-D355-40B8-8F59-DE3CB847C019}
		{111E9266-E484-4A16-A465-85255228119C} = {8D3E1BB8-794A-41D5-8E8A-3C7EB4A0CE45}
		{2DF16BC3-B4FF-486F-9A39-299BFD5268E0} = {8D3E1BB8-794A-41D5-8E8A-3C7EB4A0CE45}
		{CF73FAAC-607C-4B92-9A78-3D67D588352F} = {890588CE-F845-48F2-89CD-A80B6DE4540B}
		{BA3E5F0E-AC00-472D-A84C-7F92AC389515} = {CF73FAAC-607C-4B92-9A78-3D67D588352F}
		{497841C4-6AD3-4A61-ACD1-E74AA2E65A00} = {890588CE-F845-48F2-89CD-A80B6DE4540B}
		{D004F2D4-E3F1-489C-9417-53C0C14AF1EA} = {497841C4-6AD3-4A61-ACD1-E74AA2E65A00}
		{38565A98-4F5A-41E0-B061-B417D466D9EE} = {497841C4-6AD3-4A61-ACD1-E74AA2E65A00}
		{472E4292-1A8D-4C6C-9EAC-56D0342EF193} = {890588CE-F845-48F2-89CD-A80B6DE4540B}
		{DAC4A5B1-907A-4D35-A23D-3418545589FF} = {472E4292-1A8D-4C6C-9EAC-56D0342EF193}
		{787B4EE7-1E55-4CF3-8885-4199DD0CFC3F} = {472E4292-1A8D-4C6C-9EAC-56D0342EF193}
		{562C6440-97BB-44C8-B522-C4B92CF55B96} = {4BC3F6A1-5648-4C5E-93C8-6D031EC969B7}
		{5FFF66D9-F650-4872-9359-2E631BC95FC5} = {562C6440-97BB-44C8-B522-C4B92CF55B96}
		{D7A8A539-497C-4538-81E4-36E13C88F8DD} = {4BC3F6A1-5648-4C5E-93C8-6D031EC969B7}
		{5B58ED87-6C04-4319-A7AA-AB902E840B0C} = {D7A8A539-497C-4538-81E4-36E13C88F8DD}
		{47B0A650-0701-4980-BA19-9F7E0FA49E5E} = {4BC3F6A1-5648-4C5E-93C8-6D031EC969B7}
		{317D14ED-92C0-4C04-AB5D-BDE2974FDB2A} = {47B0A650-0701-4980-BA19-9F7E0FA49E5E}
		{D16DD4B4-940D-48E1-97CC-124F7B1C86FD} = {47B0A650-0701-4980-BA19-9F7E0FA49E5E}
		{7DECE4C5-387B-48FD-89BA-CBBF29536DAA} = {D7A8A539-497C-4538-81E4-36E13C88F8DD}
		{86B2F3A6-D173-4D89-9ABC-3EAC1783B4AB} = {0741ACEB-B2D5-4229-ACA6-DDEADC62ED16}
		{A6DA5E21-6ECC-46FD-880D-46E9A0447D20} = {86B2F3A6-D173-4D89-9ABC-3EAC1783B4AB}
		{20BC4698-17A8-4F8F-B2D9-0CA18CD95D31} = {0741ACEB-B2D5-4229-ACA6-DDEADC62ED16}
		{830BC22E-3473-4C5B-9571-647A5FC40F1E} = {20BC4698-17A8-4F8F-B2D9-0CA18CD95D31}
		{6765E343-EECC-4FFC-8975-D1FCE70DEFFE} = {20BC4698-17A8-4F8F-B2D9-0CA18CD95D31}
		{CCAEB06A-90EE-4AE3-AB75-CFC5E5AFA018} = {0741ACEB-B2D5-4229-ACA6-DDEADC62ED16}
		{4856D3E7-789F-41C0-86F5-71E499F63A99} = {CCAEB06A-90EE-4AE3-AB75-CFC5E5AFA018}
		{BBEA85CE-7E7F-4017-A01B-F234E5B90A02} = {CCAEB06A-90EE-4AE3-AB75-CFC5E5AFA018}
		{B49ECB88-4C39-432F-9C8C-1B78266A54C3} = {7FB84D34-50CF-462C-9350-F222D9106BF3}
		{9E2ECB7D-3262-43C1-BB6C-874C7BA0E756} = {B49ECB88-4C39-432F-9C8C-1B78266A54C3}
		{04F26176-2CC8-42C4-AA67-47688FEF217E} = {7FB84D34-50CF-462C-9350-F222D9106BF3}
		{5BECF0BA-F105-4BB0-B50D-7EE58FB2160C} = {04F26176-2CC8-42C4-AA67-47688FEF217E}
		{A4BA4643-485E-4466-9BF3-D9A0E54F1CAB} = {04F26176-2CC8-42C4-AA67-47688FEF217E}
		{482A5369-6013-4602-A24C-226A6E15AF53} = {7FB84D34-50CF-462C-9350-F222D9106BF3}
		{E73F5ADD-8156-484E-86B7-4A1FB6CCD058} = {482A5369-6013-4602-A24C-226A6E15AF53}
		{1A49A4C3-A8EE-4799-B0F7-399BBEF4D1BA} = {482A5369-6013-4602-A24C-226A6E15AF53}
		{276A8D5C-B068-45EE-B4C2-FC6849CA3B4E} = {98439B95-8092-4AD3-9E54-D742531850FC}
		{E7852458-6CF8-4D73-B77E-26A4C32293D3} = {276A8D5C-B068-45EE-B4C2-FC6849CA3B4E}
		{239F7C97-1274-4B7C-BD8F-70B80EE76922} = {98439B95-8092-4AD3-9E54-D742531850FC}
		{AE660EF3-9249-4A6F-9E37-A199ABE2FD4D} = {239F7C97-1274-4B7C-BD8F-70B80EE76922}
		{F9E4187C-2F27-45DB-ADF0-6446E373CA2E} = {98439B95-8092-4AD3-9E54-D742531850FC}
		{D615259F-7A7E-449C-ABD3-8D2EFCBBBDFF} = {F9E4187C-2F27-45DB-ADF0-6446E373CA2E}
		{78C09EAD-2600-430A-9A69-664C7E3B4388} = {239F7C97-1274-4B7C-BD8F-70B80EE76922}
		{419103A5-66BE-47DB-8BC8-E92962DD9177} = {F9E4187C-2F27-45DB-ADF0-6446E373CA2E}
		{CB53E3A2-3B99-466D-B41C-67EB627A422B} = {8D3E1BB8-794A-41D5-8E8A-3C7EB4A0CE45}
		{256B3CF1-238E-4157-83B1-A7FCEE480553} = {7D4D4D94-D355-40B8-8F59-DE3CB847C019}
		{32032F20-63B2-4CDE-A04F-468B34527AB1} = {256B3CF1-238E-4157-83B1-A7FCEE480553}
		{5AEDC0D5-E43D-48E1-B950-3036522BBA25} = {4BC3F6A1-5648-4C5E-93C8-6D031EC969B7}
		{57DBC868-46BF-4488-B7F8-943F0553986A} = {5AEDC0D5-E43D-48E1-B950-3036522BBA25}
		{A64296F3-B2CE-4E93-84BF-D1023BACC57C} = {0741ACEB-B2D5-4229-ACA6-DDEADC62ED16}
		{5FC3F496-FD75-46C1-93CC-C3FE2178A5D4} = {A64296F3-B2CE-4E93-84BF-D1023BACC57C}
	EndGlobalSection
	GlobalSection(ExtensibilityGlobals) = postSolution
		SolutionGuid = {DBE63E92-6FD8-4124-A5D4-09EAE4A0C8FD}
	EndGlobalSection
EndGlobal
